
Microsoft Visual Studio Solution File, Format Version 12.00
# Visual Studio Version 17
VisualStudioVersion = 17.12.35527.113
MinimumVisualStudioVersion = 10.0.40219.1
Project("{FAE04EC0-301F-11D3-BF4B-00C04F79EFBC}") = "DarkSideLeasing.App.Api", "DarkSideLeasing.App.Api\DarkSideLeasing.App.Api.csproj", "{69857EC8-9D95-4547-8F19-C1D25FD49FB0}"
EndProject
Project("{00D1A9C2-B5F0-4AF3-8072-F6C62B433612}") = "Darkside.LeasingCalc.Db", "Darkside.LeasingCalc.Db\Darkside.LeasingCalc.Db.sqlproj", "{E199C4D9-9FB5-47F3-8DCC-40A6F458ABA7}"
EndProject
Project("{FAE04EC0-301F-11D3-BF4B-00C04F79EFBC}") = "Darkside.LeasingCalc.UI", "Darkside.LeasingCalc.UI\Darkside.LeasingCalc.UI.csproj", "{FB439C69-2C11-487F-8EFF-F3E2CF75331B}"
EndProject
Project("{E53339B2-1760-4266-BCC7-CA923CBCF16C}") = "docker-compose", "docker-compose.dcproj", "{5187C156-6D9F-4B63-99B5-B69FE2D0E741}"
EndProject
Project("{FAE04EC0-301F-11D3-BF4B-00C04F79EFBC}") = "DarksideLeasing.App.Queue", "DarksideLeasing.App.Queue\DarksideLeasing.App.Queue.csproj", "{6BD64612-ECD5-4E1D-855D-7DAC89283C11}"
EndProject
Project("{2150E333-8FDC-42A3-9474-1A3956D46DE8}") = "IAC", "IAC", "{C1F487DE-145E-4306-BFB6-946E5CD0F09D}"
	ProjectSection(SolutionItems) = preProject
		resource Group.tf = resource Group.tf
	EndProjectSection
EndProject
Global
	GlobalSection(SolutionConfigurationPlatforms) = preSolution
		Debug|Any CPU = Debug|Any CPU
		Release|Any CPU = Release|Any CPU
	EndGlobalSection
	GlobalSection(ProjectConfigurationPlatforms) = postSolution
		{69857EC8-9D95-4547-8F19-C1D25FD49FB0}.Debug|Any CPU.ActiveCfg = Debug|Any CPU
		{69857EC8-9D95-4547-8F19-C1D25FD49FB0}.Debug|Any CPU.Build.0 = Debug|Any CPU
		{69857EC8-9D95-4547-8F19-C1D25FD49FB0}.Release|Any CPU.ActiveCfg = Release|Any CPU
		{69857EC8-9D95-4547-8F19-C1D25FD49FB0}.Release|Any CPU.Build.0 = Release|Any CPU
		{E199C4D9-9FB5-47F3-8DCC-40A6F458ABA7}.Debug|Any CPU.ActiveCfg = Debug|Any CPU
		{E199C4D9-9FB5-47F3-8DCC-40A6F458ABA7}.Debug|Any CPU.Build.0 = Debug|Any CPU
		{E199C4D9-9FB5-47F3-8DCC-40A6F458ABA7}.Debug|Any CPU.Deploy.0 = Debug|Any CPU
		{E199C4D9-9FB5-47F3-8DCC-40A6F458ABA7}.Release|Any CPU.ActiveCfg = Release|Any CPU
		{E199C4D9-9FB5-47F3-8DCC-40A6F458ABA7}.Release|Any CPU.Build.0 = Release|Any CPU
		{E199C4D9-9FB5-47F3-8DCC-40A6F458ABA7}.Release|Any CPU.Deploy.0 = Release|Any CPU
		{FB439C69-2C11-487F-8EFF-F3E2CF75331B}.Debug|Any CPU.ActiveCfg = Debug|Any CPU
		{FB439C69-2C11-487F-8EFF-F3E2CF75331B}.Debug|Any CPU.Build.0 = Debug|Any CPU
		{FB439C69-2C11-487F-8EFF-F3E2CF75331B}.Release|Any CPU.ActiveCfg = Release|Any CPU
		{FB439C69-2C11-487F-8EFF-F3E2CF75331B}.Release|Any CPU.Build.0 = Release|Any CPU
		{5187C156-6D9F-4B63-99B5-B69FE2D0E741}.Debug|Any CPU.ActiveCfg = Debug|Any CPU
		{5187C156-6D9F-4B63-99B5-B69FE2D0E741}.Debug|Any CPU.Build.0 = Debug|Any CPU
		{5187C156-6D9F-4B63-99B5-B69FE2D0E741}.Release|Any CPU.ActiveCfg = Release|Any CPU
		{5187C156-6D9F-4B63-99B5-B69FE2D0E741}.Release|Any CPU.Build.0 = Release|Any CPU
		{6BD64612-ECD5-4E1D-855D-7DAC89283C11}.Debug|Any CPU.ActiveCfg = Debug|Any CPU
		{6BD64612-ECD5-4E1D-855D-7DAC89283C11}.Debug|Any CPU.Build.0 = Debug|Any CPU
		{6BD64612-ECD5-4E1D-855D-7DAC89283C11}.Release|Any CPU.ActiveCfg = Release|Any CPU
		{6BD64612-ECD5-4E1D-855D-7DAC89283C11}.Release|Any CPU.Build.0 = Release|Any CPU
	EndGlobalSection
	GlobalSection(SolutionProperties) = preSolution
		HideSolutionNode = FALSE
	EndGlobalSection
EndGlobal
