
Microsoft Visual Studio Solution File, Format Version 12.00
# Visual Studio Version 17
VisualStudioVersion = 17.12.35527.113
MinimumVisualStudioVersion = 10.0.40219.1
Project("{FAE04EC0-301F-11D3-BF4B-00C04F79EFBC}") = "DarkSideLeasing.App.Api", "DarkSideLeasing.App.Api\DarkSideLeasing.App.Api.csproj", "{69857EC8-9D95-4547-8F19-C1D25FD49FB0}"
EndProject
Project("{FAE04EC0-301F-11D3-BF4B-00C04F79EFBC}") = "Darkside.LeasingCalc.UI", "Darkside.LeasingCalc.UI\Darkside.LeasingCalc.UI.csproj", "{FB439C69-2C11-487F-8EFF-F3E2CF75331B}"
EndProject
Project("{FAE04EC0-301F-11D3-BF4B-00C04F79EFBC}") = "DarkSideLeasing.App.Api.AppHost", "DarkSideLeasing.App.Api.AppHost\DarkSideLeasing.App.Api.AppHost.csproj", "{F06D6AF6-FDBB-45F1-BD21-95CA365A0E3C}"
EndProject
Project("{FAE04EC0-301F-11D3-BF4B-00C04F79EFBC}") = "DarkSideLeasing.App.Api.ServiceDefaults", "DarkSideLeasing.App.Api.ServiceDefaults\DarkSideLeasing.App.Api.ServiceDefaults.csproj", "{0D0E6FA7-0B4A-568A-1D28-6082F84DBC36}"
EndProject
Project("{2150E333-8FDC-42A3-9474-1A3956D46DE8}") = "Libs", "Libs", "{02EA681E-C7D8-13C7-8484-4AC65E1B71E8}"
EndProject
Project("{FAE04EC0-301F-11D3-BF4B-00C04F79EFBC}") = "Darkside.LeasingCalc.Contracts", "Libs\Lib Code\Darkside.LeasingCalc.Contracts\Darkside.LeasingCalc.Contracts.csproj", "{937E8A0B-42CE-8122-B0C8-FDCC95B44EF9}"
EndProject
Project("{FAE04EC0-301F-11D3-BF4B-00C04F79EFBC}") = "Darkside.LeasingCalc.Core", "Libs\Lib Code\Darkside.LeasingCalc.Core\Darkside.LeasingCalc.Core.csproj", "{7DBD9F4C-CA57-33BA-F236-12867BC893C2}"
EndProject
Project("{FAE04EC0-301F-11D3-BF4B-00C04F79EFBC}") = "Darkside.LeasingCalc.Data", "Libs\Lib Code\Darkside.LeasingCalc.Data\Darkside.LeasingCalc.Data.csproj", "{D2ED0FC4-7594-3335-A19A-D356EDC292CC}"
EndProject
Project("{FAE04EC0-301F-11D3-BF4B-00C04F79EFBC}") = "RevverDigital.Common.Data", "Libs\Lib Code\RevverDigital.Common.Data\RevverDigital.Common.Data\RevverDigital.Common.Data.csproj", "{48AFA7EB-F475-B938-B69B-EC0B081FC7A7}"
EndProject
Project("{FAE04EC0-301F-11D3-BF4B-00C04F79EFBC}") = "Darkside.Logger.Client", "Logger\Darkside.Logger.Client\Darkside.Logger.Client.csproj", "{1694C023-CDEB-41C3-0863-EC448E6E87FD}"
EndProject
Global
	GlobalSection(SolutionConfigurationPlatforms) = preSolution
		Debug|Any CPU = Debug|Any CPU
		Release|Any CPU = Release|Any CPU
	EndGlobalSection
	GlobalSection(ProjectConfigurationPlatforms) = postSolution
		{69857EC8-9D95-4547-8F19-C1D25FD49FB0}.Debug|Any CPU.ActiveCfg = Debug|Any CPU
		{69857EC8-9D95-4547-8F19-C1D25FD49FB0}.Debug|Any CPU.Build.0 = Debug|Any CPU
		{69857EC8-9D95-4547-8F19-C1D25FD49FB0}.Release|Any CPU.ActiveCfg = Release|Any CPU
		{69857EC8-9D95-4547-8F19-C1D25FD49FB0}.Release|Any CPU.Build.0 = Release|Any CPU
		{FB439C69-2C11-487F-8EFF-F3E2CF75331B}.Debug|Any CPU.ActiveCfg = Debug|Any CPU
		{FB439C69-2C11-487F-8EFF-F3E2CF75331B}.Debug|Any CPU.Build.0 = Debug|Any CPU
		{FB439C69-2C11-487F-8EFF-F3E2CF75331B}.Release|Any CPU.ActiveCfg = Release|Any CPU
		{FB439C69-2C11-487F-8EFF-F3E2CF75331B}.Release|Any CPU.Build.0 = Release|Any CPU
		{F06D6AF6-FDBB-45F1-BD21-95CA365A0E3C}.Debug|Any CPU.ActiveCfg = Debug|Any CPU
		{F06D6AF6-FDBB-45F1-BD21-95CA365A0E3C}.Debug|Any CPU.Build.0 = Debug|Any CPU
		{F06D6AF6-FDBB-45F1-BD21-95CA365A0E3C}.Release|Any CPU.ActiveCfg = Release|Any CPU
		{F06D6AF6-FDBB-45F1-BD21-95CA365A0E3C}.Release|Any CPU.Build.0 = Release|Any CPU
		{0D0E6FA7-0B4A-568A-1D28-6082F84DBC36}.Debug|Any CPU.ActiveCfg = Debug|Any CPU
		{0D0E6FA7-0B4A-568A-1D28-6082F84DBC36}.Debug|Any CPU.Build.0 = Debug|Any CPU
		{0D0E6FA7-0B4A-568A-1D28-6082F84DBC36}.Release|Any CPU.ActiveCfg = Release|Any CPU
		{0D0E6FA7-0B4A-568A-1D28-6082F84DBC36}.Release|Any CPU.Build.0 = Release|Any CPU
		{937E8A0B-42CE-8122-B0C8-FDCC95B44EF9}.Debug|Any CPU.ActiveCfg = Debug|Any CPU
		{937E8A0B-42CE-8122-B0C8-FDCC95B44EF9}.Debug|Any CPU.Build.0 = Debug|Any CPU
		{937E8A0B-42CE-8122-B0C8-FDCC95B44EF9}.Release|Any CPU.ActiveCfg = Release|Any CPU
		{937E8A0B-42CE-8122-B0C8-FDCC95B44EF9}.Release|Any CPU.Build.0 = Release|Any CPU
		{7DBD9F4C-CA57-33BA-F236-12867BC893C2}.Debug|Any CPU.ActiveCfg = Debug|Any CPU
		{7DBD9F4C-CA57-33BA-F236-12867BC893C2}.Debug|Any CPU.Build.0 = Debug|Any CPU
		{7DBD9F4C-CA57-33BA-F236-12867BC893C2}.Release|Any CPU.ActiveCfg = Release|Any CPU
		{7DBD9F4C-CA57-33BA-F236-12867BC893C2}.Release|Any CPU.Build.0 = Release|Any CPU
		{D2ED0FC4-7594-3335-A19A-D356EDC292CC}.Debug|Any CPU.ActiveCfg = Debug|Any CPU
		{D2ED0FC4-7594-3335-A19A-D356EDC292CC}.Debug|Any CPU.Build.0 = Debug|Any CPU
		{D2ED0FC4-7594-3335-A19A-D356EDC292CC}.Release|Any CPU.ActiveCfg = Release|Any CPU
		{D2ED0FC4-7594-3335-A19A-D356EDC292CC}.Release|Any CPU.Build.0 = Release|Any CPU
		{48AFA7EB-F475-B938-B69B-EC0B081FC7A7}.Debug|Any CPU.ActiveCfg = Debug|Any CPU
		{48AFA7EB-F475-B938-B69B-EC0B081FC7A7}.Debug|Any CPU.Build.0 = Debug|Any CPU
		{48AFA7EB-F475-B938-B69B-EC0B081FC7A7}.Release|Any CPU.ActiveCfg = Release|Any CPU
		{48AFA7EB-F475-B938-B69B-EC0B081FC7A7}.Release|Any CPU.Build.0 = Release|Any CPU
		{1694C023-CDEB-41C3-0863-EC448E6E87FD}.Debug|Any CPU.ActiveCfg = Debug|Any CPU
		{1694C023-CDEB-41C3-0863-EC448E6E87FD}.Debug|Any CPU.Build.0 = Debug|Any CPU
		{1694C023-CDEB-41C3-0863-EC448E6E87FD}.Release|Any CPU.ActiveCfg = Release|Any CPU
		{1694C023-CDEB-41C3-0863-EC448E6E87FD}.Release|Any CPU.Build.0 = Release|Any CPU
	EndGlobalSection
	GlobalSection(SolutionProperties) = preSolution
		HideSolutionNode = FALSE
	EndGlobalSection
	GlobalSection(NestedProjects) = preSolution
		{937E8A0B-42CE-8122-B0C8-FDCC95B44EF9} = {02EA681E-C7D8-13C7-8484-4AC65E1B71E8}
		{7DBD9F4C-CA57-33BA-F236-12867BC893C2} = {02EA681E-C7D8-13C7-8484-4AC65E1B71E8}
		{D2ED0FC4-7594-3335-A19A-D356EDC292CC} = {02EA681E-C7D8-13C7-8484-4AC65E1B71E8}
		{48AFA7EB-F475-B938-B69B-EC0B081FC7A7} = {02EA681E-C7D8-13C7-8484-4AC65E1B71E8}
		{1694C023-CDEB-41C3-0863-EC448E6E87FD} = {02EA681E-C7D8-13C7-8484-4AC65E1B71E8}
	EndGlobalSection
	GlobalSection(ExtensibilityGlobals) = postSolution
		SolutionGuid = {19CEC63A-FE8D-4DBE-BA3F-6FF35F6A7285}
	EndGlobalSection
EndGlobal
