
Microsoft Visual Studio Solution File, Format Version 12.00
# Visual Studio Version 17
VisualStudioVersion = 17.12.35527.113
MinimumVisualStudioVersion = 10.0.40219.1
Project("{FAE04EC0-301F-11D3-BF4B-00C04F79EFBC}") = "Darkside.Logger.API", "Darkside.Logger.API\Darkside.Logger.API.csproj", "{4EA86BB7-046E-2570-E230-968E1B7D2FFB}"
EndProject
Project("{FAE04EC0-301F-11D3-BF4B-00C04F79EFBC}") = "Darkside.Logger.Application", "Darkside.Logger.Application\Darkside.Logger.Application.csproj", "{C3E3068E-78CB-E15B-40EF-1B275950D5BA}"
EndProject
Project("{FAE04EC0-301F-11D3-BF4B-00C04F79EFBC}") = "Darkside.Logger.Client", "Darkside.Logger.Client\Darkside.Logger.Client.csproj", "{650F4488-EFB8-A1BF-BC40-490CB7F91D58}"
EndProject
Project("{FAE04EC0-301F-11D3-BF4B-00C04F79EFBC}") = "Darkside.Logger.Contracts", "Darkside.Logger.Contracts\Darkside.Logger.Contracts.csproj", "{089447BC-312C-6DD8-E53C-8F49264A85FD}"
EndProject
Project("{FAE04EC0-301F-11D3-BF4B-00C04F79EFBC}") = "Darkside.Logger.Data", "Darkside.Logger.Models\Darkside.Logger.Data.csproj", "{2C9834A9-5993-A23E-0E17-199B9E805445}"
EndProject
Project("{FAE04EC0-301F-11D3-BF4B-00C04F79EFBC}") = "Darkside.Logger.AppHost", "Darkside.Logger.AppHost\Darkside.Logger.AppHost.csproj", "{9453F44B-35DA-4325-BAA9-DE0A71C8DB09}"
EndProject
Project("{FAE04EC0-301F-11D3-BF4B-00C04F79EFBC}") = "Darkside.Logger.ServiceDefaults", "Darkside.Logger.ServiceDefaults\Darkside.Logger.ServiceDefaults.csproj", "{699A0EE6-581B-DA10-BE12-5B36D400EA00}"
EndProject
Project("{FAE04EC0-301F-11D3-BF4B-00C04F79EFBC}") = "Darkside.Logger.IntegrationTests", "Darkside.Logger.IntegrationTests\Darkside.Logger.IntegrationTests.csproj", "{EB5DF210-6ED8-4C32-ADDF-BC4910024D7A}"
EndProject
Project("{FAE04EC0-301F-11D3-BF4B-00C04F79EFBC}") = "Darkside.Testing.Console", "Darkside.Testing.Console\Darkside.Testing.Console.csproj", "{93DFA871-61F0-4355-84E1-2FC9ADF9A5C7}"
EndProject
Global
	GlobalSection(SolutionConfigurationPlatforms) = preSolution
		Debug|Any CPU = Debug|Any CPU
		Debug|x64 = Debug|x64
		Debug|x86 = Debug|x86
		Release|Any CPU = Release|Any CPU
		Release|x64 = Release|x64
		Release|x86 = Release|x86
	EndGlobalSection
	GlobalSection(ProjectConfigurationPlatforms) = postSolution
		{4EA86BB7-046E-2570-E230-968E1B7D2FFB}.Debug|Any CPU.ActiveCfg = Debug|Any CPU
		{4EA86BB7-046E-2570-E230-968E1B7D2FFB}.Debug|Any CPU.Build.0 = Debug|Any CPU
		{4EA86BB7-046E-2570-E230-968E1B7D2FFB}.Debug|x64.ActiveCfg = Debug|Any CPU
		{4EA86BB7-046E-2570-E230-968E1B7D2FFB}.Debug|x64.Build.0 = Debug|Any CPU
		{4EA86BB7-046E-2570-E230-968E1B7D2FFB}.Debug|x86.ActiveCfg = Debug|Any CPU
		{4EA86BB7-046E-2570-E230-968E1B7D2FFB}.Debug|x86.Build.0 = Debug|Any CPU
		{4EA86BB7-046E-2570-E230-968E1B7D2FFB}.Release|Any CPU.ActiveCfg = Release|Any CPU
		{4EA86BB7-046E-2570-E230-968E1B7D2FFB}.Release|Any CPU.Build.0 = Release|Any CPU
		{4EA86BB7-046E-2570-E230-968E1B7D2FFB}.Release|x64.ActiveCfg = Release|Any CPU
		{4EA86BB7-046E-2570-E230-968E1B7D2FFB}.Release|x64.Build.0 = Release|Any CPU
		{4EA86BB7-046E-2570-E230-968E1B7D2FFB}.Release|x86.ActiveCfg = Release|Any CPU
		{4EA86BB7-046E-2570-E230-968E1B7D2FFB}.Release|x86.Build.0 = Release|Any CPU
		{C3E3068E-78CB-E15B-40EF-1B275950D5BA}.Debug|Any CPU.ActiveCfg = Debug|Any CPU
		{C3E3068E-78CB-E15B-40EF-1B275950D5BA}.Debug|Any CPU.Build.0 = Debug|Any CPU
		{C3E3068E-78CB-E15B-40EF-1B275950D5BA}.Debug|x64.ActiveCfg = Debug|Any CPU
		{C3E3068E-78CB-E15B-40EF-1B275950D5BA}.Debug|x64.Build.0 = Debug|Any CPU
		{C3E3068E-78CB-E15B-40EF-1B275950D5BA}.Debug|x86.ActiveCfg = Debug|Any CPU
		{C3E3068E-78CB-E15B-40EF-1B275950D5BA}.Debug|x86.Build.0 = Debug|Any CPU
		{C3E3068E-78CB-E15B-40EF-1B275950D5BA}.Release|Any CPU.ActiveCfg = Release|Any CPU
		{C3E3068E-78CB-E15B-40EF-1B275950D5BA}.Release|Any CPU.Build.0 = Release|Any CPU
		{C3E3068E-78CB-E15B-40EF-1B275950D5BA}.Release|x64.ActiveCfg = Release|Any CPU
		{C3E3068E-78CB-E15B-40EF-1B275950D5BA}.Release|x64.Build.0 = Release|Any CPU
		{C3E3068E-78CB-E15B-40EF-1B275950D5BA}.Release|x86.ActiveCfg = Release|Any CPU
		{C3E3068E-78CB-E15B-40EF-1B275950D5BA}.Release|x86.Build.0 = Release|Any CPU
		{650F4488-EFB8-A1BF-BC40-490CB7F91D58}.Debug|Any CPU.ActiveCfg = Debug|Any CPU
		{650F4488-EFB8-A1BF-BC40-490CB7F91D58}.Debug|Any CPU.Build.0 = Debug|Any CPU
		{650F4488-EFB8-A1BF-BC40-490CB7F91D58}.Debug|x64.ActiveCfg = Debug|Any CPU
		{650F4488-EFB8-A1BF-BC40-490CB7F91D58}.Debug|x64.Build.0 = Debug|Any CPU
		{650F4488-EFB8-A1BF-BC40-490CB7F91D58}.Debug|x86.ActiveCfg = Debug|Any CPU
		{650F4488-EFB8-A1BF-BC40-490CB7F91D58}.Debug|x86.Build.0 = Debug|Any CPU
		{650F4488-EFB8-A1BF-BC40-490CB7F91D58}.Release|Any CPU.ActiveCfg = Release|Any CPU
		{650F4488-EFB8-A1BF-BC40-490CB7F91D58}.Release|Any CPU.Build.0 = Release|Any CPU
		{650F4488-EFB8-A1BF-BC40-490CB7F91D58}.Release|x64.ActiveCfg = Release|Any CPU
		{650F4488-EFB8-A1BF-BC40-490CB7F91D58}.Release|x64.Build.0 = Release|Any CPU
		{650F4488-EFB8-A1BF-BC40-490CB7F91D58}.Release|x86.ActiveCfg = Release|Any CPU
		{650F4488-EFB8-A1BF-BC40-490CB7F91D58}.Release|x86.Build.0 = Release|Any CPU
		{089447BC-312C-6DD8-E53C-8F49264A85FD}.Debug|Any CPU.ActiveCfg = Debug|Any CPU
		{089447BC-312C-6DD8-E53C-8F49264A85FD}.Debug|Any CPU.Build.0 = Debug|Any CPU
		{089447BC-312C-6DD8-E53C-8F49264A85FD}.Debug|x64.ActiveCfg = Debug|Any CPU
		{089447BC-312C-6DD8-E53C-8F49264A85FD}.Debug|x64.Build.0 = Debug|Any CPU
		{089447BC-312C-6DD8-E53C-8F49264A85FD}.Debug|x86.ActiveCfg = Debug|Any CPU
		{089447BC-312C-6DD8-E53C-8F49264A85FD}.Debug|x86.Build.0 = Debug|Any CPU
		{089447BC-312C-6DD8-E53C-8F49264A85FD}.Release|Any CPU.ActiveCfg = Release|Any CPU
		{089447BC-312C-6DD8-E53C-8F49264A85FD}.Release|Any CPU.Build.0 = Release|Any CPU
		{089447BC-312C-6DD8-E53C-8F49264A85FD}.Release|x64.ActiveCfg = Release|Any CPU
		{089447BC-312C-6DD8-E53C-8F49264A85FD}.Release|x64.Build.0 = Release|Any CPU
		{089447BC-312C-6DD8-E53C-8F49264A85FD}.Release|x86.ActiveCfg = Release|Any CPU
		{089447BC-312C-6DD8-E53C-8F49264A85FD}.Release|x86.Build.0 = Release|Any CPU
		{2C9834A9-5993-A23E-0E17-199B9E805445}.Debug|Any CPU.ActiveCfg = Debug|Any CPU
		{2C9834A9-5993-A23E-0E17-199B9E805445}.Debug|Any CPU.Build.0 = Debug|Any CPU
		{2C9834A9-5993-A23E-0E17-199B9E805445}.Debug|x64.ActiveCfg = Debug|Any CPU
		{2C9834A9-5993-A23E-0E17-199B9E805445}.Debug|x64.Build.0 = Debug|Any CPU
		{2C9834A9-5993-A23E-0E17-199B9E805445}.Debug|x86.ActiveCfg = Debug|Any CPU
		{2C9834A9-5993-A23E-0E17-199B9E805445}.Debug|x86.Build.0 = Debug|Any CPU
		{2C9834A9-5993-A23E-0E17-199B9E805445}.Release|Any CPU.ActiveCfg = Release|Any CPU
		{2C9834A9-5993-A23E-0E17-199B9E805445}.Release|Any CPU.Build.0 = Release|Any CPU
		{2C9834A9-5993-A23E-0E17-199B9E805445}.Release|x64.ActiveCfg = Release|Any CPU
		{2C9834A9-5993-A23E-0E17-199B9E805445}.Release|x64.Build.0 = Release|Any CPU
		{2C9834A9-5993-A23E-0E17-199B9E805445}.Release|x86.ActiveCfg = Release|Any CPU
		{2C9834A9-5993-A23E-0E17-199B9E805445}.Release|x86.Build.0 = Release|Any CPU
		{9453F44B-35DA-4325-BAA9-DE0A71C8DB09}.Debug|Any CPU.ActiveCfg = Debug|Any CPU
		{9453F44B-35DA-4325-BAA9-DE0A71C8DB09}.Debug|Any CPU.Build.0 = Debug|Any CPU
		{9453F44B-35DA-4325-BAA9-DE0A71C8DB09}.Debug|x64.ActiveCfg = Debug|Any CPU
		{9453F44B-35DA-4325-BAA9-DE0A71C8DB09}.Debug|x64.Build.0 = Debug|Any CPU
		{9453F44B-35DA-4325-BAA9-DE0A71C8DB09}.Debug|x86.ActiveCfg = Debug|Any CPU
		{9453F44B-35DA-4325-BAA9-DE0A71C8DB09}.Debug|x86.Build.0 = Debug|Any CPU
		{9453F44B-35DA-4325-BAA9-DE0A71C8DB09}.Release|Any CPU.ActiveCfg = Release|Any CPU
		{9453F44B-35DA-4325-BAA9-DE0A71C8DB09}.Release|Any CPU.Build.0 = Release|Any CPU
		{9453F44B-35DA-4325-BAA9-DE0A71C8DB09}.Release|x64.ActiveCfg = Release|Any CPU
		{9453F44B-35DA-4325-BAA9-DE0A71C8DB09}.Release|x64.Build.0 = Release|Any CPU
		{9453F44B-35DA-4325-BAA9-DE0A71C8DB09}.Release|x86.ActiveCfg = Release|Any CPU
		{9453F44B-35DA-4325-BAA9-DE0A71C8DB09}.Release|x86.Build.0 = Release|Any CPU
		{699A0EE6-581B-DA10-BE12-5B36D400EA00}.Debug|Any CPU.ActiveCfg = Debug|Any CPU
		{699A0EE6-581B-DA10-BE12-5B36D400EA00}.Debug|Any CPU.Build.0 = Debug|Any CPU
		{699A0EE6-581B-DA10-BE12-5B36D400EA00}.Debug|x64.ActiveCfg = Debug|Any CPU
		{699A0EE6-581B-DA10-BE12-5B36D400EA00}.Debug|x64.Build.0 = Debug|Any CPU
		{699A0EE6-581B-DA10-BE12-5B36D400EA00}.Debug|x86.ActiveCfg = Debug|Any CPU
		{699A0EE6-581B-DA10-BE12-5B36D400EA00}.Debug|x86.Build.0 = Debug|Any CPU
		{699A0EE6-581B-DA10-BE12-5B36D400EA00}.Release|Any CPU.ActiveCfg = Release|Any CPU
		{699A0EE6-581B-DA10-BE12-5B36D400EA00}.Release|Any CPU.Build.0 = Release|Any CPU
		{699A0EE6-581B-DA10-BE12-5B36D400EA00}.Release|x64.ActiveCfg = Release|Any CPU
		{699A0EE6-581B-DA10-BE12-5B36D400EA00}.Release|x64.Build.0 = Release|Any CPU
		{699A0EE6-581B-DA10-BE12-5B36D400EA00}.Release|x86.ActiveCfg = Release|Any CPU
		{699A0EE6-581B-DA10-BE12-5B36D400EA00}.Release|x86.Build.0 = Release|Any CPU
		{EB5DF210-6ED8-4C32-ADDF-BC4910024D7A}.Debug|Any CPU.ActiveCfg = Debug|Any CPU
		{EB5DF210-6ED8-4C32-ADDF-BC4910024D7A}.Debug|Any CPU.Build.0 = Debug|Any CPU
		{EB5DF210-6ED8-4C32-ADDF-BC4910024D7A}.Debug|x64.ActiveCfg = Debug|Any CPU
		{EB5DF210-6ED8-4C32-ADDF-BC4910024D7A}.Debug|x64.Build.0 = Debug|Any CPU
		{EB5DF210-6ED8-4C32-ADDF-BC4910024D7A}.Debug|x86.ActiveCfg = Debug|Any CPU
		{EB5DF210-6ED8-4C32-ADDF-BC4910024D7A}.Debug|x86.Build.0 = Debug|Any CPU
		{EB5DF210-6ED8-4C32-ADDF-BC4910024D7A}.Release|Any CPU.ActiveCfg = Release|Any CPU
		{EB5DF210-6ED8-4C32-ADDF-BC4910024D7A}.Release|Any CPU.Build.0 = Release|Any CPU
		{EB5DF210-6ED8-4C32-ADDF-BC4910024D7A}.Release|x64.ActiveCfg = Release|Any CPU
		{EB5DF210-6ED8-4C32-ADDF-BC4910024D7A}.Release|x64.Build.0 = Release|Any CPU
		{EB5DF210-6ED8-4C32-ADDF-BC4910024D7A}.Release|x86.ActiveCfg = Release|Any CPU
		{EB5DF210-6ED8-4C32-ADDF-BC4910024D7A}.Release|x86.Build.0 = Release|Any CPU
		{93DFA871-61F0-4355-84E1-2FC9ADF9A5C7}.Debug|Any CPU.ActiveCfg = Debug|Any CPU
		{93DFA871-61F0-4355-84E1-2FC9ADF9A5C7}.Debug|Any CPU.Build.0 = Debug|Any CPU
		{93DFA871-61F0-4355-84E1-2FC9ADF9A5C7}.Debug|x64.ActiveCfg = Debug|Any CPU
		{93DFA871-61F0-4355-84E1-2FC9ADF9A5C7}.Debug|x64.Build.0 = Debug|Any CPU
		{93DFA871-61F0-4355-84E1-2FC9ADF9A5C7}.Debug|x86.ActiveCfg = Debug|Any CPU
		{93DFA871-61F0-4355-84E1-2FC9ADF9A5C7}.Debug|x86.Build.0 = Debug|Any CPU
		{93DFA871-61F0-4355-84E1-2FC9ADF9A5C7}.Release|Any CPU.ActiveCfg = Release|Any CPU
		{93DFA871-61F0-4355-84E1-2FC9ADF9A5C7}.Release|Any CPU.Build.0 = Release|Any CPU
		{93DFA871-61F0-4355-84E1-2FC9ADF9A5C7}.Release|x64.ActiveCfg = Release|Any CPU
		{93DFA871-61F0-4355-84E1-2FC9ADF9A5C7}.Release|x64.Build.0 = Release|Any CPU
		{93DFA871-61F0-4355-84E1-2FC9ADF9A5C7}.Release|x86.ActiveCfg = Release|Any CPU
		{93DFA871-61F0-4355-84E1-2FC9ADF9A5C7}.Release|x86.Build.0 = Release|Any CPU
	EndGlobalSection
	GlobalSection(SolutionProperties) = preSolution
		HideSolutionNode = FALSE
	EndGlobalSection
	GlobalSection(ExtensibilityGlobals) = postSolution
		SolutionGuid = {5F864A61-239C-40AD-A78C-4C5D848C0377}
	EndGlobalSection
EndGlobal
